{
  "object": {
    "pins": [
      {
        "package": "Alamofire",
        "repositoryURL": "https://github.com/Alamofire/Alamofire",
        "state": {
          "branch": null,
          "revision": "2777659076fda38bd4e487739ee331c7a65b5924",
          "version": "5.2.1"
        }
      },
      {
        "package": "GCDWebServer",
        "repositoryURL": "https://github.com/SlaunchaMan/GCDWebServer",
        "state": {
          "branch": "swift-package-manager",
          "revision": "5cc010813d797c3f40557c740a4f620bf84da4dd",
          "version": null
        }
      },
      {
        "package": "LoremIpsum",
        "repositoryURL": "https://github.com/lukaskubanek/LoremIpsum",
        "state": {
          "branch": null,
          "revision": "e7c764bdcca6d5448102c760c1d1db0318ea708e",
          "version": "2.0.0"
        }
      },
      {
        "package": "OHHTTPStubs",
        "repositoryURL": "https://github.com/AliSoftware/OHHTTPStubs",
        "state": {
          "branch": null,
          "revision": "e92b5a5746ef16add2a1424f1fc19529d9a75cde",
          "version": "9.0.0"
        }
      },
      {
        "package": "swift-argument-parser",
        "repositoryURL": "https://github.com/apple/swift-argument-parser",
        "state": {
          "branch": null,
          "revision": "3d79b2b5a2e5af52c14e462044702ea7728f5770",
          "version": "0.1.0"
        }
      }
    ]
  },
  "version": 1
}
